
Microsoft Visual Studio Solution File, Format Version 12.00
# Visual Studio Version 16
VisualStudioVersion = 16.0.29806.167
MinimumVisualStudioVersion = 10.0.40219.1
Project("{FAE04EC0-301F-11D3-BF4B-00C04F79EFBC}") = "Mail sender", "Mail sender\Mail sender.csproj", "{C2ECE470-63FB-4265-B7D8-23B9D9B960EA}"
EndProject
Global
	GlobalSection(SolutionConfigurationPlatforms) = preSolution
		Debug|Any CPU = Debug|Any CPU
		Release|Any CPU = Release|Any CPU
	EndGlobalSection
	GlobalSection(ProjectConfigurationPlatforms) = postSolution
		{C2ECE470-63FB-4265-B7D8-23B9D9B960EA}.Debug|Any CPU.ActiveCfg = Debug|Any CPU
		{C2ECE470-63FB-4265-B7D8-23B9D9B960EA}.Debug|Any CPU.Build.0 = Debug|Any CPU
		{C2ECE470-63FB-4265-B7D8-23B9D9B960EA}.Release|Any CPU.ActiveCfg = Release|Any CPU
		{C2ECE470-63FB-4265-B7D8-23B9D9B960EA}.Release|Any CPU.Build.0 = Release|Any CPU
	EndGlobalSection
	GlobalSection(SolutionProperties) = preSolution
		HideSolutionNode = FALSE
	EndGlobalSection
	GlobalSection(ExtensibilityGlobals) = postSolution
		SolutionGuid = {42D68843-DC05-44A5-B0B3-5C353B43746E}
	EndGlobalSection
EndGlobal
